// !$*UTF8*$!
{
	archiveVersion = 1;
	classes = {
	};
	objectVersion = 51;
	objects = {

/* Begin PBXBuildFile section */
		1A2F54BC25EF7B660058F350 /* AppDelegate.swift in Sources */ = {isa = PBXBuildFile; fileRef = 1A2F54BB25EF7B660058F350 /* AppDelegate.swift */; };
		1A2F54C025EF7B660058F350 /* ViewController.swift in Sources */ = {isa = PBXBuildFile; fileRef = 1A2F54BF25EF7B660058F350 /* ViewController.swift */; };
		1A2F54C325EF7B660058F350 /* Main.storyboard in Resources */ = {isa = PBXBuildFile; fileRef = 1A2F54C125EF7B660058F350 /* Main.storyboard */; };
		1A2F54C525EF7B680058F350 /* Assets.xcassets in Resources */ = {isa = PBXBuildFile; fileRef = 1A2F54C425EF7B680058F350 /* Assets.xcassets */; };
		1A2F54C825EF7B680058F350 /* LaunchScreen.storyboard in Resources */ = {isa = PBXBuildFile; fileRef = 1A2F54C625EF7B680058F350 /* LaunchScreen.storyboard */; };
		1A2F558625EF85070058F350 /* CallAppSDK.framework in Frameworks */ = {isa = PBXBuildFile; fileRef = 1A2F54FA25EF80090058F350 /* CallAppSDK.framework */; };
		1A2F558725EF85070058F350 /* CallAppSDK.framework in Embed Frameworks */ = {isa = PBXBuildFile; fileRef = 1A2F54FA25EF80090058F350 /* CallAppSDK.framework */; settings = {ATTRIBUTES = (CodeSignOnCopy, RemoveHeadersOnCopy, ); }; };
		1A2F558925EF850A0058F350 /* TripiCommon.framework in Frameworks */ = {isa = PBXBuildFile; fileRef = 1A2F54FB25EF80090058F350 /* TripiCommon.framework */; };
		1A2F558A25EF850A0058F350 /* TripiCommon.framework in Embed Frameworks */ = {isa = PBXBuildFile; fileRef = 1A2F54FB25EF80090058F350 /* TripiCommon.framework */; settings = {ATTRIBUTES = (CodeSignOnCopy, RemoveHeadersOnCopy, ); }; };
		1A2F558B25EF850C0058F350 /* TripiFlightKit.framework in Frameworks */ = {isa = PBXBuildFile; fileRef = 1A2F54F925EF80090058F350 /* TripiFlightKit.framework */; };
		1A2F558C25EF850C0058F350 /* TripiFlightKit.framework in Embed Frameworks */ = {isa = PBXBuildFile; fileRef = 1A2F54F925EF80090058F350 /* TripiFlightKit.framework */; settings = {ATTRIBUTES = (CodeSignOnCopy, RemoveHeadersOnCopy, ); }; };
		3C1146574063EB3CDD0514F9 /* Pods_FrameworkCheck.framework in Frameworks */ = {isa = PBXBuildFile; fileRef = 95C54387405C7BF655F2B21D /* Pods_FrameworkCheck.framework */; };
/* End PBXBuildFile section */

/* Begin PBXCopyFilesBuildPhase section */
		1A2F558825EF85070058F350 /* Embed Frameworks */ = {
			isa = PBXCopyFilesBuildPhase;
			buildActionMask = 2147483647;
			dstPath = "";
			dstSubfolderSpec = 10;
			files = (
				1A2F558A25EF850A0058F350 /* TripiCommon.framework in Embed Frameworks */,
				1A2F558725EF85070058F350 /* CallAppSDK.framework in Embed Frameworks */,
				1A2F558C25EF850C0058F350 /* TripiFlightKit.framework in Embed Frameworks */,
			);
			name = "Embed Frameworks";
			runOnlyForDeploymentPostprocessing = 0;
		};
/* End PBXCopyFilesBuildPhase section */

/* Begin PBXFileReference section */
		1A2F54B825EF7B660058F350 /* FrameworkCheck.app */ = {isa = PBXFileReference; explicitFileType = wrapper.application; includeInIndex = 0; path = FrameworkCheck.app; sourceTree = BUILT_PRODUCTS_DIR; };
		1A2F54BB25EF7B660058F350 /* AppDelegate.swift */ = {isa = PBXFileReference; lastKnownFileType = sourcecode.swift; path = AppDelegate.swift; sourceTree = "<group>"; };
		1A2F54BF25EF7B660058F350 /* ViewController.swift */ = {isa = PBXFileReference; lastKnownFileType = sourcecode.swift; path = ViewController.swift; sourceTree = "<group>"; };
		1A2F54C225EF7B660058F350 /* Base */ = {isa = PBXFileReference; lastKnownFileType = file.storyboard; name = Base; path = Base.lproj/Main.storyboard; sourceTree = "<group>"; };
		1A2F54C425EF7B680058F350 /* Assets.xcassets */ = {isa = PBXFileReference; lastKnownFileType = folder.assetcatalog; path = Assets.xcassets; sourceTree = "<group>"; };
		1A2F54C725EF7B680058F350 /* Base */ = {isa = PBXFileReference; lastKnownFileType = file.storyboard; name = Base; path = Base.lproj/LaunchScreen.storyboard; sourceTree = "<group>"; };
		1A2F54C925EF7B680058F350 /* Info.plist */ = {isa = PBXFileReference; lastKnownFileType = text.plist.xml; path = Info.plist; sourceTree = "<group>"; };
		1A2F54F925EF80090058F350 /* TripiFlightKit.framework */ = {isa = PBXFileReference; lastKnownFileType = wrapper.framework; name = TripiFlightKit.framework; path = Frameworks/TripiFlightKit.framework; sourceTree = "<group>"; };
		1A2F54FA25EF80090058F350 /* CallAppSDK.framework */ = {isa = PBXFileReference; lastKnownFileType = wrapper.framework; name = CallAppSDK.framework; path = Frameworks/CallAppSDK.framework; sourceTree = "<group>"; };
		1A2F54FB25EF80090058F350 /* TripiCommon.framework */ = {isa = PBXFileReference; lastKnownFileType = wrapper.framework; name = TripiCommon.framework; path = Frameworks/TripiCommon.framework; sourceTree = "<group>"; };
		3E09EC35129BE4F0CC9625C8 /* Pods-FrameworkCheck.debug.xcconfig */ = {isa = PBXFileReference; includeInIndex = 1; lastKnownFileType = text.xcconfig; name = "Pods-FrameworkCheck.debug.xcconfig"; path = "Target Support Files/Pods-FrameworkCheck/Pods-FrameworkCheck.debug.xcconfig"; sourceTree = "<group>"; };
		9430C10AC75C1F6D510AD311 /* Pods-FrameworkCheck.release.xcconfig */ = {isa = PBXFileReference; includeInIndex = 1; lastKnownFileType = text.xcconfig; name = "Pods-FrameworkCheck.release.xcconfig"; path = "Target Support Files/Pods-FrameworkCheck/Pods-FrameworkCheck.release.xcconfig"; sourceTree = "<group>"; };
		95C54387405C7BF655F2B21D /* Pods_FrameworkCheck.framework */ = {isa = PBXFileReference; explicitFileType = wrapper.framework; includeInIndex = 0; path = Pods_FrameworkCheck.framework; sourceTree = BUILT_PRODUCTS_DIR; };
/* End PBXFileReference section */

/* Begin PBXFrameworksBuildPhase section */
		1A2F54B525EF7B660058F350 /* Frameworks */ = {
			isa = PBXFrameworksBuildPhase;
			buildActionMask = 2147483647;
			files = (
				3C1146574063EB3CDD0514F9 /* Pods_FrameworkCheck.framework in Frameworks */,
				1A2F558925EF850A0058F350 /* TripiCommon.framework in Frameworks */,
				1A2F558B25EF850C0058F350 /* TripiFlightKit.framework in Frameworks */,
				1A2F558625EF85070058F350 /* CallAppSDK.framework in Frameworks */,
			);
			runOnlyForDeploymentPostprocessing = 0;
		};
/* End PBXFrameworksBuildPhase section */

/* Begin PBXGroup section */
		02D33C64EAFB57F40408A670 /* Frameworks */ = {
			isa = PBXGroup;
			children = (
				95C54387405C7BF655F2B21D /* Pods_FrameworkCheck.framework */,
			);
			name = Frameworks;
			sourceTree = "<group>";
		};
		1A2F54AF25EF7B660058F350 = {
			isa = PBXGroup;
			children = (
				1A2F54BA25EF7B660058F350 /* FrameworkCheck */,
				1A2F54B925EF7B660058F350 /* Products */,
				53EB4FEC3D9A0C1F6047485C /* Pods */,
				02D33C64EAFB57F40408A670 /* Frameworks */,
			);
			sourceTree = "<group>";
		};
		1A2F54B925EF7B660058F350 /* Products */ = {
			isa = PBXGroup;
			children = (
				1A2F54B825EF7B660058F350 /* FrameworkCheck.app */,
			);
			name = Products;
			sourceTree = "<group>";
		};
		1A2F54BA25EF7B660058F350 /* FrameworkCheck */ = {
			isa = PBXGroup;
			children = (
				1A2F54FA25EF80090058F350 /* CallAppSDK.framework */,
				1A2F54FB25EF80090058F350 /* TripiCommon.framework */,
				1A2F54F925EF80090058F350 /* TripiFlightKit.framework */,
				1A2F54BB25EF7B660058F350 /* AppDelegate.swift */,
				1A2F54BF25EF7B660058F350 /* ViewController.swift */,
				1A2F54C125EF7B660058F350 /* Main.storyboard */,
				1A2F54C425EF7B680058F350 /* Assets.xcassets */,
				1A2F54C625EF7B680058F350 /* LaunchScreen.storyboard */,
				1A2F54C925EF7B680058F350 /* Info.plist */,
			);
			path = FrameworkCheck;
			sourceTree = "<group>";
		};
		53EB4FEC3D9A0C1F6047485C /* Pods */ = {
			isa = PBXGroup;
			children = (
				3E09EC35129BE4F0CC9625C8 /* Pods-FrameworkCheck.debug.xcconfig */,
				9430C10AC75C1F6D510AD311 /* Pods-FrameworkCheck.release.xcconfig */,
			);
			path = Pods;
			sourceTree = "<group>";
		};
/* End PBXGroup section */

/* Begin PBXNativeTarget section */
		1A2F54B725EF7B660058F350 /* FrameworkCheck */ = {
			isa = PBXNativeTarget;
			buildConfigurationList = 1A2F54CC25EF7B680058F350 /* Build configuration list for PBXNativeTarget "FrameworkCheck" */;
			buildPhases = (
				5D061CDBD82699830996C584 /* [CP] Check Pods Manifest.lock */,
				1A2F54B425EF7B660058F350 /* Sources */,
				1A2F54B525EF7B660058F350 /* Frameworks */,
				1A2F54B625EF7B660058F350 /* Resources */,
				823C36B242F031592A52B71B /* [CP] Embed Pods Frameworks */,
				1A2F558825EF85070058F350 /* Embed Frameworks */,
			);
			buildRules = (
			);
			dependencies = (
			);
			name = FrameworkCheck;
			productName = FrameworkCheck;
			productReference = 1A2F54B825EF7B660058F350 /* FrameworkCheck.app */;
			productType = "com.apple.product-type.application";
		};
/* End PBXNativeTarget section */

/* Begin PBXProject section */
		1A2F54B025EF7B660058F350 /* Project object */ = {
			isa = PBXProject;
			attributes = {
				LastSwiftUpdateCheck = 1240;
				LastUpgradeCheck = 1240;
				TargetAttributes = {
					1A2F54B725EF7B660058F350 = {
						CreatedOnToolsVersion = 12.4;
					};
				};
			};
			buildConfigurationList = 1A2F54B325EF7B660058F350 /* Build configuration list for PBXProject "FrameworkCheck" */;
			compatibilityVersion = "Xcode 9.3";
			developmentRegion = en;
			hasScannedForEncodings = 0;
			knownRegions = (
				en,
				Base,
			);
			mainGroup = 1A2F54AF25EF7B660058F350;
			productRefGroup = 1A2F54B925EF7B660058F350 /* Products */;
			projectDirPath = "";
			projectRoot = "";
			targets = (
				1A2F54B725EF7B660058F350 /* FrameworkCheck */,
			);
		};
/* End PBXProject section */

/* Begin PBXResourcesBuildPhase section */
		1A2F54B625EF7B660058F350 /* Resources */ = {
			isa = PBXResourcesBuildPhase;
			buildActionMask = 2147483647;
			files = (
				1A2F54C825EF7B680058F350 /* LaunchScreen.storyboard in Resources */,
				1A2F54C525EF7B680058F350 /* Assets.xcassets in Resources */,
				1A2F54C325EF7B660058F350 /* Main.storyboard in Resources */,
			);
			runOnlyForDeploymentPostprocessing = 0;
		};
/* End PBXResourcesBuildPhase section */

/* Begin PBXShellScriptBuildPhase section */
		5D061CDBD82699830996C584 /* [CP] Check Pods Manifest.lock */ = {
			isa = PBXShellScriptBuildPhase;
			buildActionMask = 2147483647;
			files = (
			);
			inputFileListPaths = (
			);
			inputPaths = (
				"${PODS_PODFILE_DIR_PATH}/Podfile.lock",
				"${PODS_ROOT}/Manifest.lock",
			);
			name = "[CP] Check Pods Manifest.lock";
			outputFileListPaths = (
			);
			outputPaths = (
				"$(DERIVED_FILE_DIR)/Pods-FrameworkCheck-checkManifestLockResult.txt",
			);
			runOnlyForDeploymentPostprocessing = 0;
			shellPath = /bin/sh;
			shellScript = "diff \"${PODS_PODFILE_DIR_PATH}/Podfile.lock\" \"${PODS_ROOT}/Manifest.lock\" > /dev/null\nif [ $? != 0 ] ; then\n    # print error to STDERR\n    echo \"error: The sandbox is not in sync with the Podfile.lock. Run 'pod install' or update your CocoaPods installation.\" >&2\n    exit 1\nfi\n# This output is used by Xcode 'outputs' to avoid re-running this script phase.\necho \"SUCCESS\" > \"${SCRIPT_OUTPUT_FILE_0}\"\n";
			showEnvVarsInLog = 0;
		};
		823C36B242F031592A52B71B /* [CP] Embed Pods Frameworks */ = {
			isa = PBXShellScriptBuildPhase;
			buildActionMask = 2147483647;
			files = (
			);
			inputFileListPaths = (
				"${PODS_ROOT}/Target Support Files/Pods-FrameworkCheck/Pods-FrameworkCheck-frameworks-${CONFIGURATION}-input-files.xcfilelist",
			);
			name = "[CP] Embed Pods Frameworks";
			outputFileListPaths = (
				"${PODS_ROOT}/Target Support Files/Pods-FrameworkCheck/Pods-FrameworkCheck-frameworks-${CONFIGURATION}-output-files.xcfilelist",
			);
			runOnlyForDeploymentPostprocessing = 0;
			shellPath = /bin/sh;
			shellScript = "\"${PODS_ROOT}/Target Support Files/Pods-FrameworkCheck/Pods-FrameworkCheck-frameworks.sh\"\n";
			showEnvVarsInLog = 0;
		};
/* End PBXShellScriptBuildPhase section */

/* Begin PBXSourcesBuildPhase section */
		1A2F54B425EF7B660058F350 /* Sources */ = {
			isa = PBXSourcesBuildPhase;
			buildActionMask = 2147483647;
			files = (
				1A2F54C025EF7B660058F350 /* ViewController.swift in Sources */,
				1A2F54BC25EF7B660058F350 /* AppDelegate.swift in Sources */,
			);
			runOnlyForDeploymentPostprocessing = 0;
		};
/* End PBXSourcesBuildPhase section */

/* Begin PBXVariantGroup section */
		1A2F54C125EF7B660058F350 /* Main.storyboard */ = {
			isa = PBXVariantGroup;
			children = (
				1A2F54C225EF7B660058F350 /* Base */,
			);
			name = Main.storyboard;
			sourceTree = "<group>";
		};
		1A2F54C625EF7B680058F350 /* LaunchScreen.storyboard */ = {
			isa = PBXVariantGroup;
			children = (
				1A2F54C725EF7B680058F350 /* Base */,
			);
			name = LaunchScreen.storyboard;
			sourceTree = "<group>";
		};
/* End PBXVariantGroup section */

/* Begin XCBuildConfiguration section */
		1A2F54CA25EF7B680058F350 /* Debug */ = {
			isa = XCBuildConfiguration;
			buildSettings = {
				ALWAYS_SEARCH_USER_PATHS = NO;
				CLANG_ANALYZER_NONNULL = YES;
				CLANG_ANALYZER_NUMBER_OBJECT_CONVERSION = YES_AGGRESSIVE;
				CLANG_CXX_LANGUAGE_STANDARD = "gnu++14";
				CLANG_CXX_LIBRARY = "libc++";
				CLANG_ENABLE_MODULES = YES;
				CLANG_ENABLE_OBJC_ARC = YES;
				CLANG_ENABLE_OBJC_WEAK = YES;
				CLANG_WARN_BLOCK_CAPTURE_AUTORELEASING = YES;
				CLANG_WARN_BOOL_CONVERSION = YES;
				CLANG_WARN_COMMA = YES;
				CLANG_WARN_CONSTANT_CONVERSION = YES;
				CLANG_WARN_DEPRECATED_OBJC_IMPLEMENTATIONS = YES;
				CLANG_WARN_DIRECT_OBJC_ISA_USAGE = YES_ERROR;
				CLANG_WARN_DOCUMENTATION_COMMENTS = YES;
				CLANG_WARN_EMPTY_BODY = YES;
				CLANG_WARN_ENUM_CONVERSION = YES;
				CLANG_WARN_INFINITE_RECURSION = YES;
				CLANG_WARN_INT_CONVERSION = YES;
				CLANG_WARN_NON_LITERAL_NULL_CONVERSION = YES;
				CLANG_WARN_OBJC_IMPLICIT_RETAIN_SELF = YES;
				CLANG_WARN_OBJC_LITERAL_CONVERSION = YES;
				CLANG_WARN_OBJC_ROOT_CLASS = YES_ERROR;
				CLANG_WARN_QUOTED_INCLUDE_IN_FRAMEWORK_HEADER = YES;
				CLANG_WARN_RANGE_LOOP_ANALYSIS = YES;
				CLANG_WARN_STRICT_PROTOTYPES = YES;
				CLANG_WARN_SUSPICIOUS_MOVE = YES;
				CLANG_WARN_UNGUARDED_AVAILABILITY = YES_AGGRESSIVE;
				CLANG_WARN_UNREACHABLE_CODE = YES;
				CLANG_WARN__DUPLICATE_METHOD_MATCH = YES;
				COPY_PHASE_STRIP = NO;
				DEBUG_INFORMATION_FORMAT = dwarf;
				ENABLE_STRICT_OBJC_MSGSEND = YES;
				ENABLE_TESTABILITY = YES;
				GCC_C_LANGUAGE_STANDARD = gnu11;
				GCC_DYNAMIC_NO_PIC = NO;
				GCC_NO_COMMON_BLOCKS = YES;
				GCC_OPTIMIZATION_LEVEL = 0;
				GCC_PREPROCESSOR_DEFINITIONS = (
					"DEBUG=1",
					"$(inherited)",
				);
				GCC_WARN_64_TO_32_BIT_CONVERSION = YES;
				GCC_WARN_ABOUT_RETURN_TYPE = YES_ERROR;
				GCC_WARN_UNDECLARED_SELECTOR = YES;
				GCC_WARN_UNINITIALIZED_AUTOS = YES_AGGRESSIVE;
				GCC_WARN_UNUSED_FUNCTION = YES;
				GCC_WARN_UNUSED_VARIABLE = YES;
				IPHONEOS_DEPLOYMENT_TARGET = 14.4;
				MTL_ENABLE_DEBUG_INFO = INCLUDE_SOURCE;
				MTL_FAST_MATH = YES;
				ONLY_ACTIVE_ARCH = YES;
				SDKROOT = iphoneos;
				SWIFT_ACTIVE_COMPILATION_CONDITIONS = DEBUG;
				SWIFT_OPTIMIZATION_LEVEL = "-Onone";
			};
			name = Debug;
		};
		1A2F54CB25EF7B680058F350 /* Release */ = {
			isa = XCBuildConfiguration;
			buildSettings = {
				ALWAYS_SEARCH_USER_PATHS = NO;
				CLANG_ANALYZER_NONNULL = YES;
				CLANG_ANALYZER_NUMBER_OBJECT_CONVERSION = YES_AGGRESSIVE;
				CLANG_CXX_LANGUAGE_STANDARD = "gnu++14";
				CLANG_CXX_LIBRARY = "libc++";
				CLANG_ENABLE_MODULES = YES;
				CLANG_ENABLE_OBJC_ARC = YES;
				CLANG_ENABLE_OBJC_WEAK = YES;
				CLANG_WARN_BLOCK_CAPTURE_AUTORELEASING = YES;
				CLANG_WARN_BOOL_CONVERSION = YES;
				CLANG_WARN_COMMA = YES;
				CLANG_WARN_CONSTANT_CONVERSION = YES;
				CLANG_WARN_DEPRECATED_OBJC_IMPLEMENTATIONS = YES;
				CLANG_WARN_DIRECT_OBJC_ISA_USAGE = YES_ERROR;
				CLANG_WARN_DOCUMENTATION_COMMENTS = YES;
				CLANG_WARN_EMPTY_BODY = YES;
				CLANG_WARN_ENUM_CONVERSION = YES;
				CLANG_WARN_INFINITE_RECURSION = YES;
				CLANG_WARN_INT_CONVERSION = YES;
				CLANG_WARN_NON_LITERAL_NULL_CONVERSION = YES;
				CLANG_WARN_OBJC_IMPLICIT_RETAIN_SELF = YES;
				CLANG_WARN_OBJC_LITERAL_CONVERSION = YES;
				CLANG_WARN_OBJC_ROOT_CLASS = YES_ERROR;
				CLANG_WARN_QUOTED_INCLUDE_IN_FRAMEWORK_HEADER = YES;
				CLANG_WARN_RANGE_LOOP_ANALYSIS = YES;
				CLANG_WARN_STRICT_PROTOTYPES = YES;
				CLANG_WARN_SUSPICIOUS_MOVE = YES;
				CLANG_WARN_UNGUARDED_AVAILABILITY = YES_AGGRESSIVE;
				CLANG_WARN_UNREACHABLE_CODE = YES;
				CLANG_WARN__DUPLICATE_METHOD_MATCH = YES;
				COPY_PHASE_STRIP = NO;
				DEBUG_INFORMATION_FORMAT = "dwarf-with-dsym";
				ENABLE_NS_ASSERTIONS = NO;
				ENABLE_STRICT_OBJC_MSGSEND = YES;
				GCC_C_LANGUAGE_STANDARD = gnu11;
				GCC_NO_COMMON_BLOCKS = YES;
				GCC_WARN_64_TO_32_BIT_CONVERSION = YES;
				GCC_WARN_ABOUT_RETURN_TYPE = YES_ERROR;
				GCC_WARN_UNDECLARED_SELECTOR = YES;
				GCC_WARN_UNINITIALIZED_AUTOS = YES_AGGRESSIVE;
				GCC_WARN_UNUSED_FUNCTION = YES;
				GCC_WARN_UNUSED_VARIABLE = YES;
				IPHONEOS_DEPLOYMENT_TARGET = 14.4;
				MTL_ENABLE_DEBUG_INFO = NO;
				MTL_FAST_MATH = YES;
				SDKROOT = iphoneos;
				SWIFT_COMPILATION_MODE = wholemodule;
				SWIFT_OPTIMIZATION_LEVEL = "-O";
				VALIDATE_PRODUCT = YES;
			};
			name = Release;
		};
		1A2F54CD25EF7B680058F350 /* Debug */ = {
			isa = XCBuildConfiguration;
			baseConfigurationReference = 3E09EC35129BE4F0CC9625C8 /* Pods-FrameworkCheck.debug.xcconfig */;
			buildSettings = {
				ASSETCATALOG_COMPILER_APPICON_NAME = AppIcon;
				ASSETCATALOG_COMPILER_GLOBAL_ACCENT_COLOR_NAME = AccentColor;
				CODE_SIGN_STYLE = Automatic;
				DEVELOPMENT_TEAM = 2G2F7B8D22;
				"EXCLUDED_ARCHS[sdk=iphonesimulator*]" = arm64;
				FRAMEWORK_SEARCH_PATHS = (
					"$(inherited)",
					"$(PROJECT_DIR)/FrameworkCheck",
					"$(PROJECT_DIR)/FrameworkCheck/Frameworks",
				);
				INFOPLIST_FILE = FrameworkCheck/Info.plist;
				IPHONEOS_DEPLOYMENT_TARGET = 10.0;
				LD_RUNPATH_SEARCH_PATHS = (
					"$(inherited)",
					"@executable_path/Frameworks",
				);
				PRODUCT_BUNDLE_IDENTIFIER = vn.teko.FrameworkCheck;
				PRODUCT_NAME = "$(TARGET_NAME)";
				SWIFT_VERSION = 5.0;
				TARGETED_DEVICE_FAMILY = "1,2";
				VALIDATE_WORKSPACE = YES;
			};
			name = Debug;
		};
		1A2F54CE25EF7B680058F350 /* Release */ = {
			isa = XCBuildConfiguration;
			baseConfigurationReference = 9430C10AC75C1F6D510AD311 /* Pods-FrameworkCheck.release.xcconfig */;
			buildSettings = {
				ASSETCATALOG_COMPILER_APPICON_NAME = AppIcon;
				ASSETCATALOG_COMPILER_GLOBAL_ACCENT_COLOR_NAME = AccentColor;
				CODE_SIGN_STYLE = Automatic;
				DEVELOPMENT_TEAM = 2G2F7B8D22;
				"EXCLUDED_ARCHS[sdk=iphonesimulator*]" = arm64;
				FRAMEWORK_SEARCH_PATHS = (
					"$(inherited)",
					"$(PROJECT_DIR)/FrameworkCheck",
					"$(PROJECT_DIR)/FrameworkCheck/Frameworks",
				);
				INFOPLIST_FILE = FrameworkCheck/Info.plist;
				IPHONEOS_DEPLOYMENT_TARGET = 10.0;
				LD_RUNPATH_SEARCH_PATHS = (
					"$(inherited)",
					"@executable_path/Frameworks",
				);
				PRODUCT_BUNDLE_IDENTIFIER = vn.teko.FrameworkCheck;
				PRODUCT_NAME = "$(TARGET_NAME)";
				SWIFT_VERSION = 5.0;
				TARGETED_DEVICE_FAMILY = "1,2";
				VALIDATE_WORKSPACE = YES;
			};
			name = Release;
		};
/* End XCBuildConfiguration section */

/* Begin XCConfigurationList section */
		1A2F54B325EF7B660058F350 /* Build configuration list for PBXProject "FrameworkCheck" */ = {
			isa = XCConfigurationList;
			buildConfigurations = (
				1A2F54CA25EF7B680058F350 /* Debug */,
				1A2F54CB25EF7B680058F350 /* Release */,
			);
			defaultConfigurationIsVisible = 0;
			defaultConfigurationName = Release;
		};
		1A2F54CC25EF7B680058F350 /* Build configuration list for PBXNativeTarget "FrameworkCheck" */ = {
			isa = XCConfigurationList;
			buildConfigurations = (
				1A2F54CD25EF7B680058F350 /* Debug */,
				1A2F54CE25EF7B680058F350 /* Release */,
			);
			defaultConfigurationIsVisible = 0;
			defaultConfigurationName = Release;
		};
/* End XCConfigurationList section */
	};
	rootObject = 1A2F54B025EF7B660058F350 /* Project object */;
}
